
Microsoft Visual Studio Solution File, Format Version 12.00
# Visual Studio Version 16
VisualStudioVersion = 16.0.31624.102
MinimumVisualStudioVersion = 10.0.40219.1
Project("{FAE04EC0-301F-11D3-BF4B-00C04F79EFBC}") = "lesson02", "lesson02\lesson02.csproj", "{DBC73D91-5678-4F30-8EF4-0E9DD7F3519C}"
EndProject
Global
	GlobalSection(SolutionConfigurationPlatforms) = preSolution
		Debug|Any CPU = Debug|Any CPU
		Release|Any CPU = Release|Any CPU
	EndGlobalSection
	GlobalSection(ProjectConfigurationPlatforms) = postSolution
		{DBC73D91-5678-4F30-8EF4-0E9DD7F3519C}.Debug|Any CPU.ActiveCfg = Debug|Any CPU
		{DBC73D91-5678-4F30-8EF4-0E9DD7F3519C}.Debug|Any CPU.Build.0 = Debug|Any CPU
		{DBC73D91-5678-4F30-8EF4-0E9DD7F3519C}.Release|Any CPU.ActiveCfg = Release|Any CPU
		{DBC73D91-5678-4F30-8EF4-0E9DD7F3519C}.Release|Any CPU.Build.0 = Release|Any CPU
	EndGlobalSection
	GlobalSection(SolutionProperties) = preSolution
		HideSolutionNode = FALSE
	EndGlobalSection
	GlobalSection(ExtensibilityGlobals) = postSolution
		SolutionGuid = {F7705E55-7A42-40CF-97D3-335297842E35}
	EndGlobalSection
EndGlobal
